
Microsoft Visual Studio Solution File, Format Version 12.00
# Visual Studio 15
VisualStudioVersion = 15.0.26228.9
MinimumVisualStudioVersion = 10.0.40219.1
Project("{FAE04EC0-301F-11D3-BF4B-00C04F79EFBC}") = "FunkyGrep.Engine", "FunkyGrep.Engine\FunkyGrep.Engine.csproj", "{89E8E9E8-8A5C-4B9B-A7AD-71B27A1D0105}"
EndProject
Project("{FAE04EC0-301F-11D3-BF4B-00C04F79EFBC}") = "FunkyGrep.Tests", "FunkyGrep.Tests\FunkyGrep.Tests.csproj", "{8E7A73C7-76E1-4FB5-BEFC-245245E54169}"
EndProject
Project("{FAE04EC0-301F-11D3-BF4B-00C04F79EFBC}") = "FunkyGrep.UI", "FunkyGrep.UI\FunkyGrep.UI.csproj", "{DA6652AD-F1E9-4D07-B580-905B1FBE1AE5}"
EndProject
Global
	GlobalSection(SolutionConfigurationPlatforms) = preSolution
		Debug|Any CPU = Debug|Any CPU
		Release|Any CPU = Release|Any CPU
	EndGlobalSection
	GlobalSection(ProjectConfigurationPlatforms) = postSolution
		{89E8E9E8-8A5C-4B9B-A7AD-71B27A1D0105}.Debug|Any CPU.ActiveCfg = Debug|Any CPU
		{89E8E9E8-8A5C-4B9B-A7AD-71B27A1D0105}.Debug|Any CPU.Build.0 = Debug|Any CPU
		{89E8E9E8-8A5C-4B9B-A7AD-71B27A1D0105}.Release|Any CPU.ActiveCfg = Release|Any CPU
		{89E8E9E8-8A5C-4B9B-A7AD-71B27A1D0105}.Release|Any CPU.Build.0 = Release|Any CPU
		{8E7A73C7-76E1-4FB5-BEFC-245245E54169}.Debug|Any CPU.ActiveCfg = Debug|Any CPU
		{8E7A73C7-76E1-4FB5-BEFC-245245E54169}.Debug|Any CPU.Build.0 = Debug|Any CPU
		{8E7A73C7-76E1-4FB5-BEFC-245245E54169}.Release|Any CPU.ActiveCfg = Release|Any CPU
		{8E7A73C7-76E1-4FB5-BEFC-245245E54169}.Release|Any CPU.Build.0 = Release|Any CPU
		{DA6652AD-F1E9-4D07-B580-905B1FBE1AE5}.Debug|Any CPU.ActiveCfg = Debug|Any CPU
		{DA6652AD-F1E9-4D07-B580-905B1FBE1AE5}.Debug|Any CPU.Build.0 = Debug|Any CPU
		{DA6652AD-F1E9-4D07-B580-905B1FBE1AE5}.Release|Any CPU.ActiveCfg = Release|Any CPU
		{DA6652AD-F1E9-4D07-B580-905B1FBE1AE5}.Release|Any CPU.Build.0 = Release|Any CPU
	EndGlobalSection
	GlobalSection(SolutionProperties) = preSolution
		HideSolutionNode = FALSE
	EndGlobalSection
EndGlobal
